// !$*UTF8*$!
{
	archiveVersion = 1;
	classes = {
	};
	objectVersion = 56;
	objects = {

/* Begin PBXBuildFile section */
		6CCB9DDB29C11CD1006432A2 /* AddViewController.swift in Sources */ = {isa = PBXBuildFile; fileRef = 6CCB9DDA29C11CD1006432A2 /* AddViewController.swift */; };
		6CCB9DDE29C1F8EE006432A2 /* FilmTableViewCell.swift in Sources */ = {isa = PBXBuildFile; fileRef = 6CCB9DDD29C1F8EE006432A2 /* FilmTableViewCell.swift */; };
		6CCB9DE029C1FDF5006432A2 /* ReminderViewController.swift in Sources */ = {isa = PBXBuildFile; fileRef = 6CCB9DDF29C1FDF5006432A2 /* ReminderViewController.swift */; };
		6CCB9DE229C1FE22006432A2 /* ReminderViewViewModel.swift in Sources */ = {isa = PBXBuildFile; fileRef = 6CCB9DE129C1FE22006432A2 /* ReminderViewViewModel.swift */; };
		6CCB9DE429C207DC006432A2 /* MyWatchlistViewViewModel.swift in Sources */ = {isa = PBXBuildFile; fileRef = 6CCB9DE329C207DC006432A2 /* MyWatchlistViewViewModel.swift */; };
		6CCDC0DA29BB92DD00677F2F /* AppDelegate.swift in Sources */ = {isa = PBXBuildFile; fileRef = 6CCDC0D929BB92DD00677F2F /* AppDelegate.swift */; };
		6CCDC0DC29BB92DD00677F2F /* SceneDelegate.swift in Sources */ = {isa = PBXBuildFile; fileRef = 6CCDC0DB29BB92DD00677F2F /* SceneDelegate.swift */; };
		6CCDC0E429BB92DD00677F2F /* MyWatchListApp.xcdatamodeld in Sources */ = {isa = PBXBuildFile; fileRef = 6CCDC0E229BB92DD00677F2F /* MyWatchListApp.xcdatamodeld */; };
		6CCDC0E629BB92DF00677F2F /* Assets.xcassets in Resources */ = {isa = PBXBuildFile; fileRef = 6CCDC0E529BB92DF00677F2F /* Assets.xcassets */; };
		6CCDC0E929BB92DF00677F2F /* LaunchScreen.storyboard in Resources */ = {isa = PBXBuildFile; fileRef = 6CCDC0E729BB92DF00677F2F /* LaunchScreen.storyboard */; };
		6CCDC0F129BB986D00677F2F /* GoogleService-Info.plist in Resources */ = {isa = PBXBuildFile; fileRef = 6CCDC0F029BB986D00677F2F /* GoogleService-Info.plist */; };
		6CCDC0F429BB999100677F2F /* FirebaseAuth in Frameworks */ = {isa = PBXBuildFile; productRef = 6CCDC0F329BB999100677F2F /* FirebaseAuth */; };
		6CCDC0F629BB999100677F2F /* FirebaseAuthCombine-Community in Frameworks */ = {isa = PBXBuildFile; productRef = 6CCDC0F529BB999100677F2F /* FirebaseAuthCombine-Community */; };
		6CCDC0F829BB999100677F2F /* FirebaseDatabase in Frameworks */ = {isa = PBXBuildFile; productRef = 6CCDC0F729BB999100677F2F /* FirebaseDatabase */; };
		6CCDC0FA29BB999100677F2F /* FirebaseDatabaseSwift in Frameworks */ = {isa = PBXBuildFile; productRef = 6CCDC0F929BB999100677F2F /* FirebaseDatabaseSwift */; };
		6CCDC0FC29BB999100677F2F /* FirebaseFirestore in Frameworks */ = {isa = PBXBuildFile; productRef = 6CCDC0FB29BB999100677F2F /* FirebaseFirestore */; };
		6CCDC0FE29BB999100677F2F /* FirebaseFirestoreCombine-Community in Frameworks */ = {isa = PBXBuildFile; productRef = 6CCDC0FD29BB999100677F2F /* FirebaseFirestoreCombine-Community */; };
		6CCDC10029BB999100677F2F /* FirebaseFirestoreSwift in Frameworks */ = {isa = PBXBuildFile; productRef = 6CCDC0FF29BB999100677F2F /* FirebaseFirestoreSwift */; };
		6CCDC10229BB999100677F2F /* FirebaseStorage in Frameworks */ = {isa = PBXBuildFile; productRef = 6CCDC10129BB999100677F2F /* FirebaseStorage */; };
		6CCDC10429BB999100677F2F /* FirebaseStorageCombine-Community in Frameworks */ = {isa = PBXBuildFile; productRef = 6CCDC10329BB999100677F2F /* FirebaseStorageCombine-Community */; };
		6CCDC10729BB9B3100677F2F /* API_KEYS.swift in Sources */ = {isa = PBXBuildFile; fileRef = 6CCDC10629BB9B3100677F2F /* API_KEYS.swift */; };
		6CCDC12D29BB9CD800677F2F /* MyWatchlistViewController.swift in Sources */ = {isa = PBXBuildFile; fileRef = 6CCDC11229BB9CD800677F2F /* MyWatchlistViewController.swift */; };
		6CCDC12E29BB9CD800677F2F /* MainTabBarViewController.swift in Sources */ = {isa = PBXBuildFile; fileRef = 6CCDC11429BB9CD800677F2F /* MainTabBarViewController.swift */; };
		6CCDC13C29BBA0A200677F2F /* HomeViewController.swift in Sources */ = {isa = PBXBuildFile; fileRef = 6CCDC13B29BBA0A200677F2F /* HomeViewController.swift */; };
		6CCDC13E29BBA0B600677F2F /* SearchViewController.swift in Sources */ = {isa = PBXBuildFile; fileRef = 6CCDC13D29BBA0B600677F2F /* SearchViewController.swift */; };
		6CCDC14529BC71C300677F2F /* StorageManager.swift in Sources */ = {isa = PBXBuildFile; fileRef = 6CCDC14029BC71C300677F2F /* StorageManager.swift */; };
		6CCDC14629BC71C300677F2F /* APICaller.swift in Sources */ = {isa = PBXBuildFile; fileRef = 6CCDC14129BC71C300677F2F /* APICaller.swift */; };
		6CCDC14829BC71C300677F2F /* AuthManager.swift in Sources */ = {isa = PBXBuildFile; fileRef = 6CCDC14329BC71C300677F2F /* AuthManager.swift */; };
		6CCDC14929BC71C300677F2F /* DatabaseManager.swift in Sources */ = {isa = PBXBuildFile; fileRef = 6CCDC14429BC71C300677F2F /* DatabaseManager.swift */; };
		6CCDC15229BC721D00677F2F /* Genre.swift in Sources */ = {isa = PBXBuildFile; fileRef = 6CCDC14B29BC721D00677F2F /* Genre.swift */; };
		6CCDC15329BC721D00677F2F /* Film.swift in Sources */ = {isa = PBXBuildFile; fileRef = 6CCDC14C29BC721D00677F2F /* Film.swift */; };
		6CCDC15629BC721D00677F2F /* RemindMe.swift in Sources */ = {isa = PBXBuildFile; fileRef = 6CCDC14F29BC721D00677F2F /* RemindMe.swift */; };
		6CCDC15729BC721D00677F2F /* UserAccount.swift in Sources */ = {isa = PBXBuildFile; fileRef = 6CCDC15029BC721D00677F2F /* UserAccount.swift */; };
		6CCDC15829BC721D00677F2F /* YoutubeResponse.swift in Sources */ = {isa = PBXBuildFile; fileRef = 6CCDC15129BC721D00677F2F /* YoutubeResponse.swift */; };
		6CCDC15A29BC748100677F2F /* FilmPlaylist.swift in Sources */ = {isa = PBXBuildFile; fileRef = 6CCDC15929BC748100677F2F /* FilmPlaylist.swift */; };
		6CCDC15C29BC760300677F2F /* Ratings.swift in Sources */ = {isa = PBXBuildFile; fileRef = 6CCDC15B29BC760300677F2F /* Ratings.swift */; };
		6CCDC16129BC76E100677F2F /* SignUpViewController.swift in Sources */ = {isa = PBXBuildFile; fileRef = 6CCDC15E29BC76E100677F2F /* SignUpViewController.swift */; };
		6CCDC16229BC76E100677F2F /* LoginViewController.swift in Sources */ = {isa = PBXBuildFile; fileRef = 6CCDC15F29BC76E100677F2F /* LoginViewController.swift */; };
		6CCDC16329BC76E100677F2F /* OnboardingViewController.swift in Sources */ = {isa = PBXBuildFile; fileRef = 6CCDC16029BC76E100677F2F /* OnboardingViewController.swift */; };
		6CCDC16629BC778400677F2F /* SDWebImage in Frameworks */ = {isa = PBXBuildFile; productRef = 6CCDC16529BC778400677F2F /* SDWebImage */; };
		6CCDC17329BC77D100677F2F /* ProfileButton.swift in Sources */ = {isa = PBXBuildFile; fileRef = 6CCDC16929BC77D100677F2F /* ProfileButton.swift */; };
		6CCDC17729BC77D100677F2F /* ShareButton.swift in Sources */ = {isa = PBXBuildFile; fileRef = 6CCDC16E29BC77D100677F2F /* ShareButton.swift */; };
		6CCDC17A29BC77D100677F2F /* ButtonImageAndText.swift in Sources */ = {isa = PBXBuildFile; fileRef = 6CCDC17129BC77D100677F2F /* ButtonImageAndText.swift */; };
		6CCDC17B29BC77D100677F2F /* BoxButton.swift in Sources */ = {isa = PBXBuildFile; fileRef = 6CCDC17229BC77D100677F2F /* BoxButton.swift */; };
		6CCDC17E29BC799F00677F2F /* CustomTextfield.swift in Sources */ = {isa = PBXBuildFile; fileRef = 6CCDC17D29BC799F00677F2F /* CustomTextfield.swift */; };
		6CCDC18129BC79DF00677F2F /* AuthViewModel.swift in Sources */ = {isa = PBXBuildFile; fileRef = 6CCDC18029BC79DF00677F2F /* AuthViewModel.swift */; };
		6CCDC18329BC7BD400677F2F /* HomeViewViewModel.swift in Sources */ = {isa = PBXBuildFile; fileRef = 6CCDC18229BC7BD400677F2F /* HomeViewViewModel.swift */; };
		6CCDC18629BC7CA000677F2F /* Global.swift in Sources */ = {isa = PBXBuildFile; fileRef = 6CCDC18529BC7CA000677F2F /* Global.swift */; };
		6CCDC18829BC7D7A00677F2F /* FilmDetailViewController.swift in Sources */ = {isa = PBXBuildFile; fileRef = 6CCDC18729BC7D7A00677F2F /* FilmDetailViewController.swift */; };
		6CCDC18F29BC9A4100677F2F /* VideoTabView.swift in Sources */ = {isa = PBXBuildFile; fileRef = 6CCDC18E29BC9A4100677F2F /* VideoTabView.swift */; };
		6CCDC19129BCA7F000677F2F /* SectionBarView.swift in Sources */ = {isa = PBXBuildFile; fileRef = 6CCDC19029BCA7F000677F2F /* SectionBarView.swift */; };
		6CCDC19429BCD30E00677F2F /* UpcomingTableViewCell.swift in Sources */ = {isa = PBXBuildFile; fileRef = 6CCDC19329BCD30E00677F2F /* UpcomingTableViewCell.swift */; };
		6CCDC19629BCD3E200677F2F /* ReusableViewsView.swift in Sources */ = {isa = PBXBuildFile; fileRef = 6CCDC19529BCD3E200677F2F /* ReusableViewsView.swift */; };
		6CCDC19829BCD7A500677F2F /* PopularTableViewCell.swift in Sources */ = {isa = PBXBuildFile; fileRef = 6CCDC19729BCD7A500677F2F /* PopularTableViewCell.swift */; };
		6CCDC19B29BCD88100677F2F /* TopFilmsTableViewCell.swift in Sources */ = {isa = PBXBuildFile; fileRef = 6CCDC19A29BCD88100677F2F /* TopFilmsTableViewCell.swift */; };
		6CCDC19D29BCDF5D00677F2F /* SearchResultsViewController.swift in Sources */ = {isa = PBXBuildFile; fileRef = 6CCDC19C29BCDF5D00677F2F /* SearchResultsViewController.swift */; };
		6CCDC1A129BCE0FE00677F2F /* FilmCollectionViewCell.swift in Sources */ = {isa = PBXBuildFile; fileRef = 6CCDC1A029BCE0FE00677F2F /* FilmCollectionViewCell.swift */; };
		6CCDC1A329BCE13000677F2F /* PosterImageView.swift in Sources */ = {isa = PBXBuildFile; fileRef = 6CCDC1A229BCE13000677F2F /* PosterImageView.swift */; };
		6CCDC1A529BCF7EB00677F2F /* ProfileViewController.swift in Sources */ = {isa = PBXBuildFile; fileRef = 6CCDC1A429BCF7EB00677F2F /* ProfileViewController.swift */; };
/* End PBXBuildFile section */

/* Begin PBXFileReference section */
		6CCB9DDA29C11CD1006432A2 /* AddViewController.swift */ = {isa = PBXFileReference; lastKnownFileType = sourcecode.swift; path = AddViewController.swift; sourceTree = "<group>"; };
		6CCB9DDD29C1F8EE006432A2 /* FilmTableViewCell.swift */ = {isa = PBXFileReference; lastKnownFileType = sourcecode.swift; path = FilmTableViewCell.swift; sourceTree = "<group>"; };
		6CCB9DDF29C1FDF5006432A2 /* ReminderViewController.swift */ = {isa = PBXFileReference; lastKnownFileType = sourcecode.swift; path = ReminderViewController.swift; sourceTree = "<group>"; };
		6CCB9DE129C1FE22006432A2 /* ReminderViewViewModel.swift */ = {isa = PBXFileReference; lastKnownFileType = sourcecode.swift; path = ReminderViewViewModel.swift; sourceTree = "<group>"; };
		6CCB9DE329C207DC006432A2 /* MyWatchlistViewViewModel.swift */ = {isa = PBXFileReference; lastKnownFileType = sourcecode.swift; path = MyWatchlistViewViewModel.swift; sourceTree = "<group>"; };
		6CCDC0D629BB92DD00677F2F /* MyWatchListApp.app */ = {isa = PBXFileReference; explicitFileType = wrapper.application; includeInIndex = 0; path = MyWatchListApp.app; sourceTree = BUILT_PRODUCTS_DIR; };
		6CCDC0D929BB92DD00677F2F /* AppDelegate.swift */ = {isa = PBXFileReference; lastKnownFileType = sourcecode.swift; path = AppDelegate.swift; sourceTree = "<group>"; };
		6CCDC0DB29BB92DD00677F2F /* SceneDelegate.swift */ = {isa = PBXFileReference; lastKnownFileType = sourcecode.swift; path = SceneDelegate.swift; sourceTree = "<group>"; };
		6CCDC0E329BB92DD00677F2F /* MyWatchListApp.xcdatamodel */ = {isa = PBXFileReference; lastKnownFileType = wrapper.xcdatamodel; path = MyWatchListApp.xcdatamodel; sourceTree = "<group>"; };
		6CCDC0E529BB92DF00677F2F /* Assets.xcassets */ = {isa = PBXFileReference; lastKnownFileType = folder.assetcatalog; path = Assets.xcassets; sourceTree = "<group>"; };
		6CCDC0E829BB92DF00677F2F /* Base */ = {isa = PBXFileReference; lastKnownFileType = file.storyboard; name = Base; path = Base.lproj/LaunchScreen.storyboard; sourceTree = "<group>"; };
		6CCDC0EA29BB92DF00677F2F /* Info.plist */ = {isa = PBXFileReference; lastKnownFileType = text.plist.xml; path = Info.plist; sourceTree = "<group>"; };
		6CCDC0F029BB986D00677F2F /* GoogleService-Info.plist */ = {isa = PBXFileReference; fileEncoding = 4; lastKnownFileType = text.plist.xml; path = "GoogleService-Info.plist"; sourceTree = "<group>"; };
		6CCDC10629BB9B3100677F2F /* API_KEYS.swift */ = {isa = PBXFileReference; fileEncoding = 4; lastKnownFileType = sourcecode.swift; name = API_KEYS.swift; path = ../../../netflixclone_swift/netflixclone_swift/Privates/API_KEYS.swift; sourceTree = "<group>"; };
		6CCDC11229BB9CD800677F2F /* MyWatchlistViewController.swift */ = {isa = PBXFileReference; fileEncoding = 4; lastKnownFileType = sourcecode.swift; path = MyWatchlistViewController.swift; sourceTree = "<group>"; };
		6CCDC11429BB9CD800677F2F /* MainTabBarViewController.swift */ = {isa = PBXFileReference; fileEncoding = 4; lastKnownFileType = sourcecode.swift; path = MainTabBarViewController.swift; sourceTree = "<group>"; };
		6CCDC13B29BBA0A200677F2F /* HomeViewController.swift */ = {isa = PBXFileReference; lastKnownFileType = sourcecode.swift; path = HomeViewController.swift; sourceTree = "<group>"; };
		6CCDC13D29BBA0B600677F2F /* SearchViewController.swift */ = {isa = PBXFileReference; lastKnownFileType = sourcecode.swift; path = SearchViewController.swift; sourceTree = "<group>"; };
		6CCDC14029BC71C300677F2F /* StorageManager.swift */ = {isa = PBXFileReference; fileEncoding = 4; lastKnownFileType = sourcecode.swift; path = StorageManager.swift; sourceTree = "<group>"; };
		6CCDC14129BC71C300677F2F /* APICaller.swift */ = {isa = PBXFileReference; fileEncoding = 4; lastKnownFileType = sourcecode.swift; path = APICaller.swift; sourceTree = "<group>"; };
		6CCDC14329BC71C300677F2F /* AuthManager.swift */ = {isa = PBXFileReference; fileEncoding = 4; lastKnownFileType = sourcecode.swift; path = AuthManager.swift; sourceTree = "<group>"; };
		6CCDC14429BC71C300677F2F /* DatabaseManager.swift */ = {isa = PBXFileReference; fileEncoding = 4; lastKnownFileType = sourcecode.swift; path = DatabaseManager.swift; sourceTree = "<group>"; };
		6CCDC14B29BC721D00677F2F /* Genre.swift */ = {isa = PBXFileReference; fileEncoding = 4; lastKnownFileType = sourcecode.swift; path = Genre.swift; sourceTree = "<group>"; };
		6CCDC14C29BC721D00677F2F /* Film.swift */ = {isa = PBXFileReference; fileEncoding = 4; lastKnownFileType = sourcecode.swift; path = Film.swift; sourceTree = "<group>"; };
		6CCDC14F29BC721D00677F2F /* RemindMe.swift */ = {isa = PBXFileReference; fileEncoding = 4; lastKnownFileType = sourcecode.swift; path = RemindMe.swift; sourceTree = "<group>"; };
		6CCDC15029BC721D00677F2F /* UserAccount.swift */ = {isa = PBXFileReference; fileEncoding = 4; lastKnownFileType = sourcecode.swift; path = UserAccount.swift; sourceTree = "<group>"; };
		6CCDC15129BC721D00677F2F /* YoutubeResponse.swift */ = {isa = PBXFileReference; fileEncoding = 4; lastKnownFileType = sourcecode.swift; path = YoutubeResponse.swift; sourceTree = "<group>"; };
		6CCDC15929BC748100677F2F /* FilmPlaylist.swift */ = {isa = PBXFileReference; lastKnownFileType = sourcecode.swift; path = FilmPlaylist.swift; sourceTree = "<group>"; };
		6CCDC15B29BC760300677F2F /* Ratings.swift */ = {isa = PBXFileReference; lastKnownFileType = sourcecode.swift; path = Ratings.swift; sourceTree = "<group>"; };
		6CCDC15E29BC76E100677F2F /* SignUpViewController.swift */ = {isa = PBXFileReference; fileEncoding = 4; lastKnownFileType = sourcecode.swift; path = SignUpViewController.swift; sourceTree = "<group>"; };
		6CCDC15F29BC76E100677F2F /* LoginViewController.swift */ = {isa = PBXFileReference; fileEncoding = 4; lastKnownFileType = sourcecode.swift; path = LoginViewController.swift; sourceTree = "<group>"; };
		6CCDC16029BC76E100677F2F /* OnboardingViewController.swift */ = {isa = PBXFileReference; fileEncoding = 4; lastKnownFileType = sourcecode.swift; path = OnboardingViewController.swift; sourceTree = "<group>"; };
		6CCDC16929BC77D100677F2F /* ProfileButton.swift */ = {isa = PBXFileReference; fileEncoding = 4; lastKnownFileType = sourcecode.swift; path = ProfileButton.swift; sourceTree = "<group>"; };
		6CCDC16E29BC77D100677F2F /* ShareButton.swift */ = {isa = PBXFileReference; fileEncoding = 4; lastKnownFileType = sourcecode.swift; path = ShareButton.swift; sourceTree = "<group>"; };
		6CCDC17129BC77D100677F2F /* ButtonImageAndText.swift */ = {isa = PBXFileReference; fileEncoding = 4; lastKnownFileType = sourcecode.swift; path = ButtonImageAndText.swift; sourceTree = "<group>"; };
		6CCDC17229BC77D100677F2F /* BoxButton.swift */ = {isa = PBXFileReference; fileEncoding = 4; lastKnownFileType = sourcecode.swift; path = BoxButton.swift; sourceTree = "<group>"; };
		6CCDC17D29BC799F00677F2F /* CustomTextfield.swift */ = {isa = PBXFileReference; fileEncoding = 4; lastKnownFileType = sourcecode.swift; path = CustomTextfield.swift; sourceTree = "<group>"; };
		6CCDC18029BC79DF00677F2F /* AuthViewModel.swift */ = {isa = PBXFileReference; fileEncoding = 4; lastKnownFileType = sourcecode.swift; path = AuthViewModel.swift; sourceTree = "<group>"; };
		6CCDC18229BC7BD400677F2F /* HomeViewViewModel.swift */ = {isa = PBXFileReference; lastKnownFileType = sourcecode.swift; path = HomeViewViewModel.swift; sourceTree = "<group>"; };
		6CCDC18529BC7CA000677F2F /* Global.swift */ = {isa = PBXFileReference; lastKnownFileType = sourcecode.swift; path = Global.swift; sourceTree = "<group>"; };
		6CCDC18729BC7D7A00677F2F /* FilmDetailViewController.swift */ = {isa = PBXFileReference; lastKnownFileType = sourcecode.swift; path = FilmDetailViewController.swift; sourceTree = "<group>"; };
		6CCDC18E29BC9A4100677F2F /* VideoTabView.swift */ = {isa = PBXFileReference; fileEncoding = 4; lastKnownFileType = sourcecode.swift; path = VideoTabView.swift; sourceTree = "<group>"; };
		6CCDC19029BCA7F000677F2F /* SectionBarView.swift */ = {isa = PBXFileReference; lastKnownFileType = sourcecode.swift; path = SectionBarView.swift; sourceTree = "<group>"; };
		6CCDC19329BCD30E00677F2F /* UpcomingTableViewCell.swift */ = {isa = PBXFileReference; lastKnownFileType = sourcecode.swift; path = UpcomingTableViewCell.swift; sourceTree = "<group>"; };
		6CCDC19529BCD3E200677F2F /* ReusableViewsView.swift */ = {isa = PBXFileReference; lastKnownFileType = sourcecode.swift; path = ReusableViewsView.swift; sourceTree = "<group>"; };
		6CCDC19729BCD7A500677F2F /* PopularTableViewCell.swift */ = {isa = PBXFileReference; lastKnownFileType = sourcecode.swift; path = PopularTableViewCell.swift; sourceTree = "<group>"; };
		6CCDC19A29BCD88100677F2F /* TopFilmsTableViewCell.swift */ = {isa = PBXFileReference; lastKnownFileType = sourcecode.swift; path = TopFilmsTableViewCell.swift; sourceTree = "<group>"; };
		6CCDC19C29BCDF5D00677F2F /* SearchResultsViewController.swift */ = {isa = PBXFileReference; lastKnownFileType = sourcecode.swift; path = SearchResultsViewController.swift; sourceTree = "<group>"; };
		6CCDC1A029BCE0FE00677F2F /* FilmCollectionViewCell.swift */ = {isa = PBXFileReference; lastKnownFileType = sourcecode.swift; path = FilmCollectionViewCell.swift; sourceTree = "<group>"; };
		6CCDC1A229BCE13000677F2F /* PosterImageView.swift */ = {isa = PBXFileReference; fileEncoding = 4; lastKnownFileType = sourcecode.swift; path = PosterImageView.swift; sourceTree = "<group>"; };
		6CCDC1A429BCF7EB00677F2F /* ProfileViewController.swift */ = {isa = PBXFileReference; fileEncoding = 4; lastKnownFileType = sourcecode.swift; path = ProfileViewController.swift; sourceTree = "<group>"; };
/* End PBXFileReference section */

/* Begin PBXFrameworksBuildPhase section */
		6CCDC0D329BB92DD00677F2F /* Frameworks */ = {
			isa = PBXFrameworksBuildPhase;
			buildActionMask = 2147483647;
			files = (
				6CCDC0FA29BB999100677F2F /* FirebaseDatabaseSwift in Frameworks */,
				6CCDC0F829BB999100677F2F /* FirebaseDatabase in Frameworks */,
				6CCDC0F429BB999100677F2F /* FirebaseAuth in Frameworks */,
				6CCDC10029BB999100677F2F /* FirebaseFirestoreSwift in Frameworks */,
				6CCDC16629BC778400677F2F /* SDWebImage in Frameworks */,
				6CCDC0FE29BB999100677F2F /* FirebaseFirestoreCombine-Community in Frameworks */,
				6CCDC10229BB999100677F2F /* FirebaseStorage in Frameworks */,
				6CCDC0FC29BB999100677F2F /* FirebaseFirestore in Frameworks */,
				6CCDC10429BB999100677F2F /* FirebaseStorageCombine-Community in Frameworks */,
				6CCDC0F629BB999100677F2F /* FirebaseAuthCombine-Community in Frameworks */,
			);
			runOnlyForDeploymentPostprocessing = 0;
		};
/* End PBXFrameworksBuildPhase section */

/* Begin PBXGroup section */
		6CCDC0CD29BB92DD00677F2F = {
			isa = PBXGroup;
			children = (
				6CCDC0D829BB92DD00677F2F /* MyWatchListApp */,
				6CCDC0D729BB92DD00677F2F /* Products */,
			);
			sourceTree = "<group>";
		};
		6CCDC0D729BB92DD00677F2F /* Products */ = {
			isa = PBXGroup;
			children = (
				6CCDC0D629BB92DD00677F2F /* MyWatchListApp.app */,
			);
			name = Products;
			sourceTree = "<group>";
		};
		6CCDC0D829BB92DD00677F2F /* MyWatchListApp */ = {
			isa = PBXGroup;
			children = (
				6CCDC18429BC7C9100677F2F /* Resources */,
				6CCDC13F29BC71C300677F2F /* Managers */,
				6CCDC10529BB99D200677F2F /* Privates */,
				6CCDC14A29BC721D00677F2F /* Model */,
				6CCDC17F29BC79B400677F2F /* ViewModel */,
				6CCDC16729BC77B400677F2F /* Views */,
				6CCDC10929BB9CD800677F2F /* Controllers */,
				6CCDC0D929BB92DD00677F2F /* AppDelegate.swift */,
				6CCDC0DB29BB92DD00677F2F /* SceneDelegate.swift */,
				6CCDC0E529BB92DF00677F2F /* Assets.xcassets */,
				6CCDC0E729BB92DF00677F2F /* LaunchScreen.storyboard */,
				6CCDC0EA29BB92DF00677F2F /* Info.plist */,
			);
			path = MyWatchListApp;
			sourceTree = "<group>";
		};
		6CCDC10529BB99D200677F2F /* Privates */ = {
			isa = PBXGroup;
			children = (
				6CCDC10629BB9B3100677F2F /* API_KEYS.swift */,
				6CCDC0E229BB92DD00677F2F /* MyWatchListApp.xcdatamodeld */,
				6CCDC0F029BB986D00677F2F /* GoogleService-Info.plist */,
			);
			path = Privates;
			sourceTree = "<group>";
		};
		6CCDC10929BB9CD800677F2F /* Controllers */ = {
			isa = PBXGroup;
			children = (
				6CCDC10A29BB9CD800677F2F /* TabBar */,
				6CCDC11529BB9CD800677F2F /* Views */,
			);
			path = Controllers;
			sourceTree = "<group>";
		};
		6CCDC10A29BB9CD800677F2F /* TabBar */ = {
			isa = PBXGroup;
			children = (
				6CCDC10B29BB9CD800677F2F /* Tabs */,
				6CCDC11329BB9CD800677F2F /* TabController */,
			);
			path = TabBar;
			sourceTree = "<group>";
		};
		6CCDC10B29BB9CD800677F2F /* Tabs */ = {
			isa = PBXGroup;
			children = (
				6CCDC13B29BBA0A200677F2F /* HomeViewController.swift */,
				6CCDC13D29BBA0B600677F2F /* SearchViewController.swift */,
				6CCB9DDA29C11CD1006432A2 /* AddViewController.swift */,
				6CCDC11229BB9CD800677F2F /* MyWatchlistViewController.swift */,
				6CCDC1A429BCF7EB00677F2F /* ProfileViewController.swift */,
			);
			path = Tabs;
			sourceTree = "<group>";
		};
		6CCDC11329BB9CD800677F2F /* TabController */ = {
			isa = PBXGroup;
			children = (
				6CCDC11429BB9CD800677F2F /* MainTabBarViewController.swift */,
			);
			path = TabController;
			sourceTree = "<group>";
		};
		6CCDC11529BB9CD800677F2F /* Views */ = {
			isa = PBXGroup;
			children = (
				6CCDC15D29BC76C000677F2F /* Onboarding */,
				6CCDC18729BC7D7A00677F2F /* FilmDetailViewController.swift */,
				6CCDC19C29BCDF5D00677F2F /* SearchResultsViewController.swift */,
				6CCB9DDF29C1FDF5006432A2 /* ReminderViewController.swift */,
			);
			path = Views;
			sourceTree = "<group>";
		};
		6CCDC13F29BC71C300677F2F /* Managers */ = {
			isa = PBXGroup;
			children = (
				6CCDC14029BC71C300677F2F /* StorageManager.swift */,
				6CCDC14129BC71C300677F2F /* APICaller.swift */,
				6CCDC14329BC71C300677F2F /* AuthManager.swift */,
				6CCDC14429BC71C300677F2F /* DatabaseManager.swift */,
			);
			path = Managers;
			sourceTree = "<group>";
		};
		6CCDC14A29BC721D00677F2F /* Model */ = {
			isa = PBXGroup;
			children = (
				6CCDC14B29BC721D00677F2F /* Genre.swift */,
				6CCDC14C29BC721D00677F2F /* Film.swift */,
				6CCDC14F29BC721D00677F2F /* RemindMe.swift */,
				6CCDC15029BC721D00677F2F /* UserAccount.swift */,
				6CCDC15129BC721D00677F2F /* YoutubeResponse.swift */,
				6CCDC15929BC748100677F2F /* FilmPlaylist.swift */,
				6CCDC15B29BC760300677F2F /* Ratings.swift */,
			);
			path = Model;
			sourceTree = "<group>";
		};
		6CCDC15D29BC76C000677F2F /* Onboarding */ = {
			isa = PBXGroup;
			children = (
				6CCDC16029BC76E100677F2F /* OnboardingViewController.swift */,
				6CCDC15F29BC76E100677F2F /* LoginViewController.swift */,
				6CCDC15E29BC76E100677F2F /* SignUpViewController.swift */,
			);
			path = Onboarding;
			sourceTree = "<group>";
		};
		6CCDC16729BC77B400677F2F /* Views */ = {
			isa = PBXGroup;
			children = (
				6CCDC19E29BCE0CF00677F2F /* CollectionViewCell */,
				6CCDC19229BCD2D200677F2F /* Home */,
				6CCDC18B29BC911400677F2F /* TableViewCell */,
				6CCDC17C29BC798B00677F2F /* Textfields */,
				6CCDC16829BC77D100677F2F /* Buttons */,
			);
			path = Views;
			sourceTree = "<group>";
		};
		6CCDC16829BC77D100677F2F /* Buttons */ = {
			isa = PBXGroup;
			children = (
				6CCDC16929BC77D100677F2F /* ProfileButton.swift */,
				6CCDC16A29BC77D100677F2F /* ButtonImageAndTextButtons */,
				6CCDC17129BC77D100677F2F /* ButtonImageAndText.swift */,
				6CCDC17229BC77D100677F2F /* BoxButton.swift */,
			);
			path = Buttons;
			sourceTree = "<group>";
		};
		6CCDC16A29BC77D100677F2F /* ButtonImageAndTextButtons */ = {
			isa = PBXGroup;
			children = (
				6CCDC16E29BC77D100677F2F /* ShareButton.swift */,
			);
			path = ButtonImageAndTextButtons;
			sourceTree = "<group>";
		};
		6CCDC17C29BC798B00677F2F /* Textfields */ = {
			isa = PBXGroup;
			children = (
				6CCDC17D29BC799F00677F2F /* CustomTextfield.swift */,
			);
			path = Textfields;
			sourceTree = "<group>";
		};
		6CCDC17F29BC79B400677F2F /* ViewModel */ = {
			isa = PBXGroup;
			children = (
				6CCDC18029BC79DF00677F2F /* AuthViewModel.swift */,
				6CCDC18229BC7BD400677F2F /* HomeViewViewModel.swift */,
				6CCB9DE129C1FE22006432A2 /* ReminderViewViewModel.swift */,
				6CCB9DE329C207DC006432A2 /* MyWatchlistViewViewModel.swift */,
			);
			path = ViewModel;
			sourceTree = "<group>";
		};
		6CCDC18429BC7C9100677F2F /* Resources */ = {
			isa = PBXGroup;
			children = (
				6CCDC18529BC7CA000677F2F /* Global.swift */,
			);
			path = Resources;
			sourceTree = "<group>";
		};
		6CCDC18B29BC911400677F2F /* TableViewCell */ = {
			isa = PBXGroup;
			children = (
				6CCB9DDD29C1F8EE006432A2 /* FilmTableViewCell.swift */,
			);
			path = TableViewCell;
			sourceTree = "<group>";
		};
		6CCDC19229BCD2D200677F2F /* Home */ = {
			isa = PBXGroup;
			children = (
				6CCDC19929BCD7AE00677F2F /* FilmTableCells */,
			);
			path = Home;
			sourceTree = "<group>";
		};
		6CCDC19929BCD7AE00677F2F /* FilmTableCells */ = {
			isa = PBXGroup;
			children = (
				6CCDC19329BCD30E00677F2F /* UpcomingTableViewCell.swift */,
				6CCDC19729BCD7A500677F2F /* PopularTableViewCell.swift */,
				6CCDC19A29BCD88100677F2F /* TopFilmsTableViewCell.swift */,
				6CCDC19529BCD3E200677F2F /* ReusableViewsView.swift */,
				6CCDC18E29BC9A4100677F2F /* VideoTabView.swift */,
				6CCDC19029BCA7F000677F2F /* SectionBarView.swift */,
			);
			path = FilmTableCells;
			sourceTree = "<group>";
		};
		6CCDC19E29BCE0CF00677F2F /* CollectionViewCell */ = {
			isa = PBXGroup;
			children = (
				6CCDC1A029BCE0FE00677F2F /* FilmCollectionViewCell.swift */,
				6CCDC1A229BCE13000677F2F /* PosterImageView.swift */,
			);
			path = CollectionViewCell;
			sourceTree = "<group>";
		};
/* End PBXGroup section */

/* Begin PBXNativeTarget section */
		6CCDC0D529BB92DD00677F2F /* MyWatchListApp */ = {
			isa = PBXNativeTarget;
			buildConfigurationList = 6CCDC0ED29BB92DF00677F2F /* Build configuration list for PBXNativeTarget "MyWatchListApp" */;
			buildPhases = (
				6CCDC0D229BB92DD00677F2F /* Sources */,
				6CCDC0D329BB92DD00677F2F /* Frameworks */,
				6CCDC0D429BB92DD00677F2F /* Resources */,
			);
			buildRules = (
			);
			dependencies = (
			);
			name = MyWatchListApp;
			packageProductDependencies = (
				6CCDC0F329BB999100677F2F /* FirebaseAuth */,
				6CCDC0F529BB999100677F2F /* FirebaseAuthCombine-Community */,
				6CCDC0F729BB999100677F2F /* FirebaseDatabase */,
				6CCDC0F929BB999100677F2F /* FirebaseDatabaseSwift */,
				6CCDC0FB29BB999100677F2F /* FirebaseFirestore */,
				6CCDC0FD29BB999100677F2F /* FirebaseFirestoreCombine-Community */,
				6CCDC0FF29BB999100677F2F /* FirebaseFirestoreSwift */,
				6CCDC10129BB999100677F2F /* FirebaseStorage */,
				6CCDC10329BB999100677F2F /* FirebaseStorageCombine-Community */,
				6CCDC16529BC778400677F2F /* SDWebImage */,
			);
			productName = MyWatchListApp;
			productReference = 6CCDC0D629BB92DD00677F2F /* MyWatchListApp.app */;
			productType = "com.apple.product-type.application";
		};
/* End PBXNativeTarget section */

/* Begin PBXProject section */
		6CCDC0CE29BB92DD00677F2F /* Project object */ = {
			isa = PBXProject;
			attributes = {
				BuildIndependentTargetsInParallel = 1;
				LastSwiftUpdateCheck = 1420;
				LastUpgradeCheck = 1420;
				TargetAttributes = {
					6CCDC0D529BB92DD00677F2F = {
						CreatedOnToolsVersion = 14.2;
					};
				};
			};
			buildConfigurationList = 6CCDC0D129BB92DD00677F2F /* Build configuration list for PBXProject "MyWatchListApp" */;
			compatibilityVersion = "Xcode 14.0";
			developmentRegion = en;
			hasScannedForEncodings = 0;
			knownRegions = (
				en,
				Base,
			);
			mainGroup = 6CCDC0CD29BB92DD00677F2F;
			packageReferences = (
				6CCDC0F229BB999100677F2F /* XCRemoteSwiftPackageReference "firebase-ios-sdk" */,
				6CCDC16429BC778400677F2F /* XCRemoteSwiftPackageReference "SDWebImage" */,
			);
			productRefGroup = 6CCDC0D729BB92DD00677F2F /* Products */;
			projectDirPath = "";
			projectRoot = "";
			targets = (
				6CCDC0D529BB92DD00677F2F /* MyWatchListApp */,
			);
		};
/* End PBXProject section */

/* Begin PBXResourcesBuildPhase section */
		6CCDC0D429BB92DD00677F2F /* Resources */ = {
			isa = PBXResourcesBuildPhase;
			buildActionMask = 2147483647;
			files = (
				6CCDC0E929BB92DF00677F2F /* LaunchScreen.storyboard in Resources */,
				6CCDC0F129BB986D00677F2F /* GoogleService-Info.plist in Resources */,
				6CCDC0E629BB92DF00677F2F /* Assets.xcassets in Resources */,
			);
			runOnlyForDeploymentPostprocessing = 0;
		};
/* End PBXResourcesBuildPhase section */

/* Begin PBXSourcesBuildPhase section */
		6CCDC0D229BB92DD00677F2F /* Sources */ = {
			isa = PBXSourcesBuildPhase;
			buildActionMask = 2147483647;
			files = (
				6CCDC17729BC77D100677F2F /* ShareButton.swift in Sources */,
				6CCDC19D29BCDF5D00677F2F /* SearchResultsViewController.swift in Sources */,
				6CCB9DDB29C11CD1006432A2 /* AddViewController.swift in Sources */,
				6CCDC16229BC76E100677F2F /* LoginViewController.swift in Sources */,
				6CCDC17329BC77D100677F2F /* ProfileButton.swift in Sources */,
				6CCDC12D29BB9CD800677F2F /* MyWatchlistViewController.swift in Sources */,
				6CCDC19829BCD7A500677F2F /* PopularTableViewCell.swift in Sources */,
				6CCDC14829BC71C300677F2F /* AuthManager.swift in Sources */,
				6CCB9DE029C1FDF5006432A2 /* ReminderViewController.swift in Sources */,
				6CCDC15729BC721D00677F2F /* UserAccount.swift in Sources */,
				6CCDC19B29BCD88100677F2F /* TopFilmsTableViewCell.swift in Sources */,
				6CCDC14929BC71C300677F2F /* DatabaseManager.swift in Sources */,
				6CCDC10729BB9B3100677F2F /* API_KEYS.swift in Sources */,
				6CCDC19129BCA7F000677F2F /* SectionBarView.swift in Sources */,
				6CCDC0E429BB92DD00677F2F /* MyWatchListApp.xcdatamodeld in Sources */,
				6CCB9DE429C207DC006432A2 /* MyWatchlistViewViewModel.swift in Sources */,
				6CCDC15629BC721D00677F2F /* RemindMe.swift in Sources */,
				6CCB9DE229C1FE22006432A2 /* ReminderViewViewModel.swift in Sources */,
				6CCDC14629BC71C300677F2F /* APICaller.swift in Sources */,
				6CCDC16329BC76E100677F2F /* OnboardingViewController.swift in Sources */,
				6CCDC17A29BC77D100677F2F /* ButtonImageAndText.swift in Sources */,
				6CCDC14529BC71C300677F2F /* StorageManager.swift in Sources */,
				6CCDC15829BC721D00677F2F /* YoutubeResponse.swift in Sources */,
				6CCDC1A329BCE13000677F2F /* PosterImageView.swift in Sources */,
				6CCDC12E29BB9CD800677F2F /* MainTabBarViewController.swift in Sources */,
				6CCDC19429BCD30E00677F2F /* UpcomingTableViewCell.swift in Sources */,
				6CCDC0DA29BB92DD00677F2F /* AppDelegate.swift in Sources */,
				6CCDC18829BC7D7A00677F2F /* FilmDetailViewController.swift in Sources */,
				6CCDC15229BC721D00677F2F /* Genre.swift in Sources */,
				6CCDC17E29BC799F00677F2F /* CustomTextfield.swift in Sources */,
				6CCDC0DC29BB92DD00677F2F /* SceneDelegate.swift in Sources */,
				6CCDC16129BC76E100677F2F /* SignUpViewController.swift in Sources */,
				6CCDC17B29BC77D100677F2F /* BoxButton.swift in Sources */,
				6CCDC13C29BBA0A200677F2F /* HomeViewController.swift in Sources */,
				6CCDC18629BC7CA000677F2F /* Global.swift in Sources */,
				6CCDC1A129BCE0FE00677F2F /* FilmCollectionViewCell.swift in Sources */,
				6CCDC18329BC7BD400677F2F /* HomeViewViewModel.swift in Sources */,
				6CCDC13E29BBA0B600677F2F /* SearchViewController.swift in Sources */,
				6CCDC18F29BC9A4100677F2F /* VideoTabView.swift in Sources */,
				6CCB9DDE29C1F8EE006432A2 /* FilmTableViewCell.swift in Sources */,
				6CCDC18129BC79DF00677F2F /* AuthViewModel.swift in Sources */,
				6CCDC1A529BCF7EB00677F2F /* ProfileViewController.swift in Sources */,
				6CCDC15C29BC760300677F2F /* Ratings.swift in Sources */,
				6CCDC15329BC721D00677F2F /* Film.swift in Sources */,
				6CCDC19629BCD3E200677F2F /* ReusableViewsView.swift in Sources */,
				6CCDC15A29BC748100677F2F /* FilmPlaylist.swift in Sources */,
			);
			runOnlyForDeploymentPostprocessing = 0;
		};
/* End PBXSourcesBuildPhase section */

/* Begin PBXVariantGroup section */
		6CCDC0E729BB92DF00677F2F /* LaunchScreen.storyboard */ = {
			isa = PBXVariantGroup;
			children = (
				6CCDC0E829BB92DF00677F2F /* Base */,
			);
			name = LaunchScreen.storyboard;
			sourceTree = "<group>";
		};
/* End PBXVariantGroup section */

/* Begin XCBuildConfiguration section */
		6CCDC0EB29BB92DF00677F2F /* Debug */ = {
			isa = XCBuildConfiguration;
			buildSettings = {
				ALWAYS_SEARCH_USER_PATHS = NO;
				CLANG_ANALYZER_NONNULL = YES;
				CLANG_ANALYZER_NUMBER_OBJECT_CONVERSION = YES_AGGRESSIVE;
				CLANG_CXX_LANGUAGE_STANDARD = "gnu++20";
				CLANG_ENABLE_MODULES = YES;
				CLANG_ENABLE_OBJC_ARC = YES;
				CLANG_ENABLE_OBJC_WEAK = YES;
				CLANG_WARN_BLOCK_CAPTURE_AUTORELEASING = YES;
				CLANG_WARN_BOOL_CONVERSION = YES;
				CLANG_WARN_COMMA = YES;
				CLANG_WARN_CONSTANT_CONVERSION = YES;
				CLANG_WARN_DEPRECATED_OBJC_IMPLEMENTATIONS = YES;
				CLANG_WARN_DIRECT_OBJC_ISA_USAGE = YES_ERROR;
				CLANG_WARN_DOCUMENTATION_COMMENTS = YES;
				CLANG_WARN_EMPTY_BODY = YES;
				CLANG_WARN_ENUM_CONVERSION = YES;
				CLANG_WARN_INFINITE_RECURSION = YES;
				CLANG_WARN_INT_CONVERSION = YES;
				CLANG_WARN_NON_LITERAL_NULL_CONVERSION = YES;
				CLANG_WARN_OBJC_IMPLICIT_RETAIN_SELF = YES;
				CLANG_WARN_OBJC_LITERAL_CONVERSION = YES;
				CLANG_WARN_OBJC_ROOT_CLASS = YES_ERROR;
				CLANG_WARN_QUOTED_INCLUDE_IN_FRAMEWORK_HEADER = YES;
				CLANG_WARN_RANGE_LOOP_ANALYSIS = YES;
				CLANG_WARN_STRICT_PROTOTYPES = YES;
				CLANG_WARN_SUSPICIOUS_MOVE = YES;
				CLANG_WARN_UNGUARDED_AVAILABILITY = YES_AGGRESSIVE;
				CLANG_WARN_UNREACHABLE_CODE = YES;
				CLANG_WARN__DUPLICATE_METHOD_MATCH = YES;
				COPY_PHASE_STRIP = NO;
				DEBUG_INFORMATION_FORMAT = dwarf;
				ENABLE_STRICT_OBJC_MSGSEND = YES;
				ENABLE_TESTABILITY = YES;
				GCC_C_LANGUAGE_STANDARD = gnu11;
				GCC_DYNAMIC_NO_PIC = NO;
				GCC_NO_COMMON_BLOCKS = YES;
				GCC_OPTIMIZATION_LEVEL = 0;
				GCC_PREPROCESSOR_DEFINITIONS = (
					"DEBUG=1",
					"$(inherited)",
				);
				GCC_WARN_64_TO_32_BIT_CONVERSION = YES;
				GCC_WARN_ABOUT_RETURN_TYPE = YES_ERROR;
				GCC_WARN_UNDECLARED_SELECTOR = YES;
				GCC_WARN_UNINITIALIZED_AUTOS = YES_AGGRESSIVE;
				GCC_WARN_UNUSED_FUNCTION = YES;
				GCC_WARN_UNUSED_VARIABLE = YES;
				IPHONEOS_DEPLOYMENT_TARGET = 16.2;
				MTL_ENABLE_DEBUG_INFO = INCLUDE_SOURCE;
				MTL_FAST_MATH = YES;
				ONLY_ACTIVE_ARCH = YES;
				SDKROOT = iphoneos;
				SWIFT_ACTIVE_COMPILATION_CONDITIONS = DEBUG;
				SWIFT_OPTIMIZATION_LEVEL = "-Onone";
			};
			name = Debug;
		};
		6CCDC0EC29BB92DF00677F2F /* Release */ = {
			isa = XCBuildConfiguration;
			buildSettings = {
				ALWAYS_SEARCH_USER_PATHS = NO;
				CLANG_ANALYZER_NONNULL = YES;
				CLANG_ANALYZER_NUMBER_OBJECT_CONVERSION = YES_AGGRESSIVE;
				CLANG_CXX_LANGUAGE_STANDARD = "gnu++20";
				CLANG_ENABLE_MODULES = YES;
				CLANG_ENABLE_OBJC_ARC = YES;
				CLANG_ENABLE_OBJC_WEAK = YES;
				CLANG_WARN_BLOCK_CAPTURE_AUTORELEASING = YES;
				CLANG_WARN_BOOL_CONVERSION = YES;
				CLANG_WARN_COMMA = YES;
				CLANG_WARN_CONSTANT_CONVERSION = YES;
				CLANG_WARN_DEPRECATED_OBJC_IMPLEMENTATIONS = YES;
				CLANG_WARN_DIRECT_OBJC_ISA_USAGE = YES_ERROR;
				CLANG_WARN_DOCUMENTATION_COMMENTS = YES;
				CLANG_WARN_EMPTY_BODY = YES;
				CLANG_WARN_ENUM_CONVERSION = YES;
				CLANG_WARN_INFINITE_RECURSION = YES;
				CLANG_WARN_INT_CONVERSION = YES;
				CLANG_WARN_NON_LITERAL_NULL_CONVERSION = YES;
				CLANG_WARN_OBJC_IMPLICIT_RETAIN_SELF = YES;
				CLANG_WARN_OBJC_LITERAL_CONVERSION = YES;
				CLANG_WARN_OBJC_ROOT_CLASS = YES_ERROR;
				CLANG_WARN_QUOTED_INCLUDE_IN_FRAMEWORK_HEADER = YES;
				CLANG_WARN_RANGE_LOOP_ANALYSIS = YES;
				CLANG_WARN_STRICT_PROTOTYPES = YES;
				CLANG_WARN_SUSPICIOUS_MOVE = YES;
				CLANG_WARN_UNGUARDED_AVAILABILITY = YES_AGGRESSIVE;
				CLANG_WARN_UNREACHABLE_CODE = YES;
				CLANG_WARN__DUPLICATE_METHOD_MATCH = YES;
				COPY_PHASE_STRIP = NO;
				DEBUG_INFORMATION_FORMAT = "dwarf-with-dsym";
				ENABLE_NS_ASSERTIONS = NO;
				ENABLE_STRICT_OBJC_MSGSEND = YES;
				GCC_C_LANGUAGE_STANDARD = gnu11;
				GCC_NO_COMMON_BLOCKS = YES;
				GCC_WARN_64_TO_32_BIT_CONVERSION = YES;
				GCC_WARN_ABOUT_RETURN_TYPE = YES_ERROR;
				GCC_WARN_UNDECLARED_SELECTOR = YES;
				GCC_WARN_UNINITIALIZED_AUTOS = YES_AGGRESSIVE;
				GCC_WARN_UNUSED_FUNCTION = YES;
				GCC_WARN_UNUSED_VARIABLE = YES;
				IPHONEOS_DEPLOYMENT_TARGET = 16.2;
				MTL_ENABLE_DEBUG_INFO = NO;
				MTL_FAST_MATH = YES;
				SDKROOT = iphoneos;
				SWIFT_COMPILATION_MODE = wholemodule;
				SWIFT_OPTIMIZATION_LEVEL = "-O";
				VALIDATE_PRODUCT = YES;
			};
			name = Release;
		};
		6CCDC0EE29BB92DF00677F2F /* Debug */ = {
			isa = XCBuildConfiguration;
			buildSettings = {
				ASSETCATALOG_COMPILER_APPICON_NAME = AppIcon;
				ASSETCATALOG_COMPILER_GLOBAL_ACCENT_COLOR_NAME = AccentColor;
				CODE_SIGN_STYLE = Automatic;
				CURRENT_PROJECT_VERSION = 1;
				DEVELOPMENT_TEAM = S9R6HFZ747;
				GENERATE_INFOPLIST_FILE = YES;
				INFOPLIST_FILE = MyWatchListApp/Info.plist;
				INFOPLIST_KEY_UIApplicationSupportsIndirectInputEvents = YES;
				INFOPLIST_KEY_UILaunchStoryboardName = LaunchScreen;
				INFOPLIST_KEY_UISupportedInterfaceOrientations_iPad = "UIInterfaceOrientationPortrait UIInterfaceOrientationPortraitUpsideDown UIInterfaceOrientationLandscapeLeft UIInterfaceOrientationLandscapeRight";
				INFOPLIST_KEY_UISupportedInterfaceOrientations_iPhone = "UIInterfaceOrientationPortrait UIInterfaceOrientationLandscapeLeft UIInterfaceOrientationLandscapeRight";
				LD_RUNPATH_SEARCH_PATHS = (
					"$(inherited)",
					"@executable_path/Frameworks",
				);
				MARKETING_VERSION = 1.0;
				PRODUCT_BUNDLE_IDENTIFIER = com.jobie.MyWatchListApp;
				PRODUCT_NAME = "$(TARGET_NAME)";
				SWIFT_EMIT_LOC_STRINGS = YES;
				SWIFT_VERSION = 5.0;
				TARGETED_DEVICE_FAMILY = "1,2";
			};
			name = Debug;
		};
		6CCDC0EF29BB92DF00677F2F /* Release */ = {
			isa = XCBuildConfiguration;
			buildSettings = {
				ASSETCATALOG_COMPILER_APPICON_NAME = AppIcon;
				ASSETCATALOG_COMPILER_GLOBAL_ACCENT_COLOR_NAME = AccentColor;
				CODE_SIGN_STYLE = Automatic;
				CURRENT_PROJECT_VERSION = 1;
				DEVELOPMENT_TEAM = S9R6HFZ747;
				GENERATE_INFOPLIST_FILE = YES;
				INFOPLIST_FILE = MyWatchListApp/Info.plist;
				INFOPLIST_KEY_UIApplicationSupportsIndirectInputEvents = YES;
				INFOPLIST_KEY_UILaunchStoryboardName = LaunchScreen;
				INFOPLIST_KEY_UISupportedInterfaceOrientations_iPad = "UIInterfaceOrientationPortrait UIInterfaceOrientationPortraitUpsideDown UIInterfaceOrientationLandscapeLeft UIInterfaceOrientationLandscapeRight";
				INFOPLIST_KEY_UISupportedInterfaceOrientations_iPhone = "UIInterfaceOrientationPortrait UIInterfaceOrientationLandscapeLeft UIInterfaceOrientationLandscapeRight";
				LD_RUNPATH_SEARCH_PATHS = (
					"$(inherited)",
					"@executable_path/Frameworks",
				);
				MARKETING_VERSION = 1.0;
				PRODUCT_BUNDLE_IDENTIFIER = com.jobie.MyWatchListApp;
				PRODUCT_NAME = "$(TARGET_NAME)";
				SWIFT_EMIT_LOC_STRINGS = YES;
				SWIFT_VERSION = 5.0;
				TARGETED_DEVICE_FAMILY = "1,2";
			};
			name = Release;
		};
/* End XCBuildConfiguration section */

/* Begin XCConfigurationList section */
		6CCDC0D129BB92DD00677F2F /* Build configuration list for PBXProject "MyWatchListApp" */ = {
			isa = XCConfigurationList;
			buildConfigurations = (
				6CCDC0EB29BB92DF00677F2F /* Debug */,
				6CCDC0EC29BB92DF00677F2F /* Release */,
			);
			defaultConfigurationIsVisible = 0;
			defaultConfigurationName = Release;
		};
		6CCDC0ED29BB92DF00677F2F /* Build configuration list for PBXNativeTarget "MyWatchListApp" */ = {
			isa = XCConfigurationList;
			buildConfigurations = (
				6CCDC0EE29BB92DF00677F2F /* Debug */,
				6CCDC0EF29BB92DF00677F2F /* Release */,
			);
			defaultConfigurationIsVisible = 0;
			defaultConfigurationName = Release;
		};
/* End XCConfigurationList section */

/* Begin XCRemoteSwiftPackageReference section */
		6CCDC0F229BB999100677F2F /* XCRemoteSwiftPackageReference "firebase-ios-sdk" */ = {
			isa = XCRemoteSwiftPackageReference;
			repositoryURL = "https://github.com/firebase/firebase-ios-sdk";
			requirement = {
				kind = upToNextMinorVersion;
				minimumVersion = 9.6.0;
			};
		};
		6CCDC16429BC778400677F2F /* XCRemoteSwiftPackageReference "SDWebImage" */ = {
			isa = XCRemoteSwiftPackageReference;
			repositoryURL = "https://github.com/SDWebImage/SDWebImage.git";
			requirement = {
				kind = upToNextMinorVersion;
				minimumVersion = 5.9.0;
			};
		};
/* End XCRemoteSwiftPackageReference section */

/* Begin XCSwiftPackageProductDependency section */
		6CCDC0F329BB999100677F2F /* FirebaseAuth */ = {
			isa = XCSwiftPackageProductDependency;
			package = 6CCDC0F229BB999100677F2F /* XCRemoteSwiftPackageReference "firebase-ios-sdk" */;
			productName = FirebaseAuth;
		};
		6CCDC0F529BB999100677F2F /* FirebaseAuthCombine-Community */ = {
			isa = XCSwiftPackageProductDependency;
			package = 6CCDC0F229BB999100677F2F /* XCRemoteSwiftPackageReference "firebase-ios-sdk" */;
			productName = "FirebaseAuthCombine-Community";
		};
		6CCDC0F729BB999100677F2F /* FirebaseDatabase */ = {
			isa = XCSwiftPackageProductDependency;
			package = 6CCDC0F229BB999100677F2F /* XCRemoteSwiftPackageReference "firebase-ios-sdk" */;
			productName = FirebaseDatabase;
		};
		6CCDC0F929BB999100677F2F /* FirebaseDatabaseSwift */ = {
			isa = XCSwiftPackageProductDependency;
			package = 6CCDC0F229BB999100677F2F /* XCRemoteSwiftPackageReference "firebase-ios-sdk" */;
			productName = FirebaseDatabaseSwift;
		};
		6CCDC0FB29BB999100677F2F /* FirebaseFirestore */ = {
			isa = XCSwiftPackageProductDependency;
			package = 6CCDC0F229BB999100677F2F /* XCRemoteSwiftPackageReference "firebase-ios-sdk" */;
			productName = FirebaseFirestore;
		};
		6CCDC0FD29BB999100677F2F /* FirebaseFirestoreCombine-Community */ = {
			isa = XCSwiftPackageProductDependency;
			package = 6CCDC0F229BB999100677F2F /* XCRemoteSwiftPackageReference "firebase-ios-sdk" */;
			productName = "FirebaseFirestoreCombine-Community";
		};
		6CCDC0FF29BB999100677F2F /* FirebaseFirestoreSwift */ = {
			isa = XCSwiftPackageProductDependency;
			package = 6CCDC0F229BB999100677F2F /* XCRemoteSwiftPackageReference "firebase-ios-sdk" */;
			productName = FirebaseFirestoreSwift;
		};
		6CCDC10129BB999100677F2F /* FirebaseStorage */ = {
			isa = XCSwiftPackageProductDependency;
			package = 6CCDC0F229BB999100677F2F /* XCRemoteSwiftPackageReference "firebase-ios-sdk" */;
			productName = FirebaseStorage;
		};
		6CCDC10329BB999100677F2F /* FirebaseStorageCombine-Community */ = {
			isa = XCSwiftPackageProductDependency;
			package = 6CCDC0F229BB999100677F2F /* XCRemoteSwiftPackageReference "firebase-ios-sdk" */;
			productName = "FirebaseStorageCombine-Community";
		};
		6CCDC16529BC778400677F2F /* SDWebImage */ = {
			isa = XCSwiftPackageProductDependency;
			package = 6CCDC16429BC778400677F2F /* XCRemoteSwiftPackageReference "SDWebImage" */;
			productName = SDWebImage;
		};
/* End XCSwiftPackageProductDependency section */

/* Begin XCVersionGroup section */
		6CCDC0E229BB92DD00677F2F /* MyWatchListApp.xcdatamodeld */ = {
			isa = XCVersionGroup;
			children = (
				6CCDC0E329BB92DD00677F2F /* MyWatchListApp.xcdatamodel */,
			);
			currentVersion = 6CCDC0E329BB92DD00677F2F /* MyWatchListApp.xcdatamodel */;
			path = MyWatchListApp.xcdatamodeld;
			sourceTree = "<group>";
			versionGroupType = wrapper.xcdatamodel;
		};
/* End XCVersionGroup section */
	};
	rootObject = 6CCDC0CE29BB92DD00677F2F /* Project object */;
}
